{
  "nodes": {
    "gitignore": {
      "inputs": {
        "nixpkgs": [
          "zls",
          "nixpkgs"
        ]
      },
      "locked": {
        "lastModified": 1709087332,
        "narHash": "sha256-HG2cCnktfHsKV0s4XW83gU3F57gaTljL9KNSuG6bnQs=",
        "owner": "hercules-ci",
        "repo": "gitignore.nix",
        "rev": "637db329424fd7e46cf4185293b9cc8c88c95394",
        "type": "github"
      },
      "original": {
        "owner": "hercules-ci",
        "repo": "gitignore.nix",
        "type": "github"
      }
    },
    "nixpkgs": {
      "locked": {
        "lastModified": 1755268003,
        "narHash": "sha256-nNaeJjo861wFR0tjHDyCnHs1rbRtrMgxAKMoig9Sj/w=",
        "owner": "NixOS",
        "repo": "nixpkgs",
        "rev": "32f313e49e42f715491e1ea7b306a87c16fe0388",
        "type": "github"
      },
      "original": {
        "id": "nixpkgs",
        "type": "indirect"
      }
    },
    "root": {
      "inputs": {
        "nixpkgs": "nixpkgs",
        "zig": "zig",
        "zls": "zls"
      }
    },
    "zig": {
      "inputs": {
        "nixpkgs": [
          "nixpkgs"
        ]
      },
      "locked": {
        "lastModified": 1755884628,
        "narHash": "sha256-vxSFzmJGM63pPg8RvxRw0SWgtF/tDBzStGvshx1/Xqs=",
        "owner": "silversquirl",
        "repo": "zig-flake",
        "rev": "c90615c076fd83c29b286c4fde7d1cbe8d1ee07c",
        "type": "github"
      },
      "original": {
        "owner": "silversquirl",
        "repo": "zig-flake",
        "type": "github"
      }
    },
    "zig_2": {
      "inputs": {
        "nixpkgs": [
          "zls",
          "nixpkgs"
        ]
      },
      "locked": {
        "lastModified": 1755873160,
        "narHash": "sha256-5tQdhrjbusTUapJsUQwLbfnDA9G25gp0yRJYcwZyGmw=",
        "owner": "silversquirl",
        "repo": "zig-flake",
        "rev": "37868f0ea9491837df2c685fb63e6a545ac9810a",
        "type": "github"
      },
      "original": {
        "owner": "silversquirl",
        "repo": "zig-flake",
        "type": "github"
      }
    },
    "zls": {
      "inputs": {
        "gitignore": "gitignore",
        "nixpkgs": [
          "nixpkgs"
        ],
        "zig": "zig_2"
      },
      "locked": {
        "lastModified": 1755873320,
        "narHash": "sha256-VXxoR/v72bVsoJ2QXwQahWwvf0w18XmjQbQ3V8r4WEE=",
        "owner": "zigtools",
        "repo": "zls",
        "rev": "7edadce7dafa6878b7cf940ca5c199dad4b74143",
        "type": "github"
      },
      "original": {
        "owner": "zigtools",
        "ref": "pull/2457/head",
        "repo": "zls",
        "type": "github"
      }
    }
  },
  "root": "root",
  "version": 7
}
